
Microsoft Visual Studio Solution File, Format Version 12.00
# Visual Studio Version 17
VisualStudioVersion = 17.5.33516.290
MinimumVisualStudioVersion = 10.0.40219.1
Project("{FAE04EC0-301F-11D3-BF4B-00C04F79EFBC}") = "yoo", "yoo.csproj", "{07389B19-FC42-4B42-A03D-F9218FC3A78C}"
EndProject
Global
	GlobalSection(SolutionConfigurationPlatforms) = preSolution
		Debug|Any CPU = Debug|Any CPU
		Release|Any CPU = Release|Any CPU
	EndGlobalSection
	GlobalSection(ProjectConfigurationPlatforms) = postSolution
		{07389B19-FC42-4B42-A03D-F9218FC3A78C}.Debug|Any CPU.ActiveCfg = Debug|Any CPU
		{07389B19-FC42-4B42-A03D-F9218FC3A78C}.Debug|Any CPU.Build.0 = Debug|Any CPU
		{07389B19-FC42-4B42-A03D-F9218FC3A78C}.Release|Any CPU.ActiveCfg = Release|Any CPU
		{07389B19-FC42-4B42-A03D-F9218FC3A78C}.Release|Any CPU.Build.0 = Release|Any CPU
	EndGlobalSection
	GlobalSection(SolutionProperties) = preSolution
		HideSolutionNode = FALSE
	EndGlobalSection
	GlobalSection(ExtensibilityGlobals) = postSolution
		SolutionGuid = {BCE8E9FF-8B77-4A7D-AC40-A28299D69FDD}
	EndGlobalSection
EndGlobal
